
Microsoft Visual Studio Solution File, Format Version 12.00
# Visual Studio Version 16
VisualStudioVersion = 16.0.32106.194
MinimumVisualStudioVersion = 10.0.40219.1
Project("{FAE04EC0-301F-11D3-BF4B-00C04F79EFBC}") = "TeachersAndStudents", "TeachersAndStudents\TeachersAndStudents.csproj", "{0BCEFB5D-74F3-4AFE-BCBD-F7CF740BB38F}"
EndProject
Global
	GlobalSection(SolutionConfigurationPlatforms) = preSolution
		Debug|Any CPU = Debug|Any CPU
		Release|Any CPU = Release|Any CPU
	EndGlobalSection
	GlobalSection(ProjectConfigurationPlatforms) = postSolution
		{0BCEFB5D-74F3-4AFE-BCBD-F7CF740BB38F}.Debug|Any CPU.ActiveCfg = Debug|Any CPU
		{0BCEFB5D-74F3-4AFE-BCBD-F7CF740BB38F}.Debug|Any CPU.Build.0 = Debug|Any CPU
		{0BCEFB5D-74F3-4AFE-BCBD-F7CF740BB38F}.Release|Any CPU.ActiveCfg = Release|Any CPU
		{0BCEFB5D-74F3-4AFE-BCBD-F7CF740BB38F}.Release|Any CPU.Build.0 = Release|Any CPU
	EndGlobalSection
	GlobalSection(SolutionProperties) = preSolution
		HideSolutionNode = FALSE
	EndGlobalSection
	GlobalSection(ExtensibilityGlobals) = postSolution
		SolutionGuid = {B33C8588-B82C-45B4-B67B-B0A0A9BEBC8E}
	EndGlobalSection
EndGlobal
